
Microsoft Visual Studio Solution File, Format Version 12.00
# Visual Studio 14
VisualStudioVersion = 14.0.25123.0
MinimumVisualStudioVersion = 10.0.40219.1
Project("{FAE04EC0-301F-11D3-BF4B-00C04F79EFBC}") = "DataAccess", "DataAccess\DataAccess.csproj", "{818027F9-7A04-426D-83A2-44CB8EB245EB}"
EndProject
Project("{FAE04EC0-301F-11D3-BF4B-00C04F79EFBC}") = "Client", "WindowsFormsApplication1\Client.csproj", "{4A41878F-B1EB-4374-8756-920A2E863F50}"
	ProjectSection(ProjectDependencies) = postProject
		{A114ED9B-2E6B-41C8-AFAF-C641570E1728} = {A114ED9B-2E6B-41C8-AFAF-C641570E1728}
		{818027F9-7A04-426D-83A2-44CB8EB245EB} = {818027F9-7A04-426D-83A2-44CB8EB245EB}
	EndProjectSection
EndProject
Project("{FAE04EC0-301F-11D3-BF4B-00C04F79EFBC}") = "Middleware", "Middleware\Middleware.csproj", "{A114ED9B-2E6B-41C8-AFAF-C641570E1728}"
	ProjectSection(ProjectDependencies) = postProject
		{818027F9-7A04-426D-83A2-44CB8EB245EB} = {818027F9-7A04-426D-83A2-44CB8EB245EB}
	EndProjectSection
EndProject
Global
	GlobalSection(SolutionConfigurationPlatforms) = preSolution
		Debug|Any CPU = Debug|Any CPU
		Release|Any CPU = Release|Any CPU
	EndGlobalSection
	GlobalSection(ProjectConfigurationPlatforms) = postSolution
		{818027F9-7A04-426D-83A2-44CB8EB245EB}.Debug|Any CPU.ActiveCfg = Debug|Any CPU
		{818027F9-7A04-426D-83A2-44CB8EB245EB}.Debug|Any CPU.Build.0 = Debug|Any CPU
		{818027F9-7A04-426D-83A2-44CB8EB245EB}.Release|Any CPU.ActiveCfg = Release|Any CPU
		{818027F9-7A04-426D-83A2-44CB8EB245EB}.Release|Any CPU.Build.0 = Release|Any CPU
		{4A41878F-B1EB-4374-8756-920A2E863F50}.Debug|Any CPU.ActiveCfg = Debug|Any CPU
		{4A41878F-B1EB-4374-8756-920A2E863F50}.Debug|Any CPU.Build.0 = Debug|Any CPU
		{4A41878F-B1EB-4374-8756-920A2E863F50}.Release|Any CPU.ActiveCfg = Release|Any CPU
		{4A41878F-B1EB-4374-8756-920A2E863F50}.Release|Any CPU.Build.0 = Release|Any CPU
		{A114ED9B-2E6B-41C8-AFAF-C641570E1728}.Debug|Any CPU.ActiveCfg = Debug|Any CPU
		{A114ED9B-2E6B-41C8-AFAF-C641570E1728}.Debug|Any CPU.Build.0 = Debug|Any CPU
		{A114ED9B-2E6B-41C8-AFAF-C641570E1728}.Release|Any CPU.ActiveCfg = Release|Any CPU
		{A114ED9B-2E6B-41C8-AFAF-C641570E1728}.Release|Any CPU.Build.0 = Release|Any CPU
	EndGlobalSection
	GlobalSection(SolutionProperties) = preSolution
		HideSolutionNode = FALSE
	EndGlobalSection
EndGlobal
